// !$*UTF8*$!
{
	archiveVersion = 1;
	classes = {
	};
	objectVersion = 46;
	objects = {

/* Begin PBXBuildFile section */
		4419E4691CF1DC8100FFCE0D /* GoogleService-Info.plist in Resources */ = {isa = PBXBuildFile; fileRef = 4419E4681CF1DC8100FFCE0D /* GoogleService-Info.plist */; };
		4419E46B1CF1E2CC00FFCE0D /* EALoginViewController.swift in Sources */ = {isa = PBXBuildFile; fileRef = 4419E46A1CF1E2CC00FFCE0D /* EALoginViewController.swift */; };
		4419E46D1CF26C8000FFCE0D /* EAHomeTabBarController.swift in Sources */ = {isa = PBXBuildFile; fileRef = 4419E46C1CF26C8000FFCE0D /* EAHomeTabBarController.swift */; };
		44323FAD1CE9EF730049F7FC /* AppDelegate.swift in Sources */ = {isa = PBXBuildFile; fileRef = 44323FAC1CE9EF730049F7FC /* AppDelegate.swift */; };
		44323FB21CE9EF730049F7FC /* EAMain.storyboard in Resources */ = {isa = PBXBuildFile; fileRef = 44323FB01CE9EF730049F7FC /* EAMain.storyboard */; };
		44323FB41CE9EF730049F7FC /* Assets.xcassets in Resources */ = {isa = PBXBuildFile; fileRef = 44323FB31CE9EF730049F7FC /* Assets.xcassets */; };
		44323FB71CE9EF730049F7FC /* LaunchScreen.storyboard in Resources */ = {isa = PBXBuildFile; fileRef = 44323FB51CE9EF730049F7FC /* LaunchScreen.storyboard */; };
		445208191CEFCAA400CC231B /* SWRevealViewController.m in Sources */ = {isa = PBXBuildFile; fileRef = 445208181CEFCAA400CC231B /* SWRevealViewController.m */; };
		4490597E1D5BD2A00095A52A /* EAImageTabBarController.swift in Sources */ = {isa = PBXBuildFile; fileRef = 4490597D1D5BD2A00095A52A /* EAImageTabBarController.swift */; };
		44BAB9171CF362D100B1D18D /* EARootViewController.swift in Sources */ = {isa = PBXBuildFile; fileRef = 44BAB9161CF362D100B1D18D /* EARootViewController.swift */; };
		44BAB9191CF8E69500B1D18D /* EACreateEventViewController.swift in Sources */ = {isa = PBXBuildFile; fileRef = 44BAB9181CF8E69500B1D18D /* EACreateEventViewController.swift */; };
		44CC1C301D45311D007AFB89 /* EAViewEvents.storyboard in Resources */ = {isa = PBXBuildFile; fileRef = 44CC1C2E1D45311D007AFB89 /* EAViewEvents.storyboard */; };
		44CC1C321D4533D0007AFB89 /* EAViewEventTableViewCell.xib in Resources */ = {isa = PBXBuildFile; fileRef = 44CC1C311D4533D0007AFB89 /* EAViewEventTableViewCell.xib */; };
		44CC1C341D45340F007AFB89 /* EAViewEventTableViewCell.swift in Sources */ = {isa = PBXBuildFile; fileRef = 44CC1C331D45340F007AFB89 /* EAViewEventTableViewCell.swift */; };
		44CC1C361D454925007AFB89 /* EAViewEventsViewController.swift in Sources */ = {isa = PBXBuildFile; fileRef = 44CC1C351D454925007AFB89 /* EAViewEventsViewController.swift */; };
		44F753521D5295370034BCC0 /* EAHomeTableViewCell.xib in Resources */ = {isa = PBXBuildFile; fileRef = 44F753511D5295370034BCC0 /* EAHomeTableViewCell.xib */; };
		44F753541D52971F0034BCC0 /* EAHomeTableViewCell.swift in Sources */ = {isa = PBXBuildFile; fileRef = 44F753531D52971F0034BCC0 /* EAHomeTableViewCell.swift */; };
		53160D911D3801DE0095906E /* EAEvent.swift in Sources */ = {isa = PBXBuildFile; fileRef = 53160D901D3801DE0095906E /* EAEvent.swift */; };
		537076531D5A43F600D139AA /* EAEventUpdateDelegate.swift in Sources */ = {isa = PBXBuildFile; fileRef = 537076521D5A43F600D139AA /* EAEventUpdateDelegate.swift */; };
		537F477A1D53BA0C00F9A664 /* jake.jpg in Resources */ = {isa = PBXBuildFile; fileRef = 537F47791D53BA0C00F9A664 /* jake.jpg */; };
		538183061D773EC200393344 /* EAGalleryViewController.swift in Sources */ = {isa = PBXBuildFile; fileRef = 538183051D773EC200393344 /* EAGalleryViewController.swift */; };
		538D48181D41372700957BF0 /* EAGlobalConstants.swift in Sources */ = {isa = PBXBuildFile; fileRef = 538D48171D41372700957BF0 /* EAGlobalConstants.swift */; };
		538D481A1D4155BF00957BF0 /* EAGoogleAPIManager.swift in Sources */ = {isa = PBXBuildFile; fileRef = 538D48191D4155BF00957BF0 /* EAGoogleAPIManager.swift */; };
		53F47AB91CF75817005F0DE9 /* EAMenuTableViewController.swift in Sources */ = {isa = PBXBuildFile; fileRef = 53F47AB81CF75817005F0DE9 /* EAMenuTableViewController.swift */; };
		53F47ABB1CF76486005F0DE9 /* EAHomeViewController.swift in Sources */ = {isa = PBXBuildFile; fileRef = 53F47ABA1CF76486005F0DE9 /* EAHomeViewController.swift */; };
		D9717FB16FBE9EC3119AA508 /* Pods_EventsApp.framework in Frameworks */ = {isa = PBXBuildFile; fileRef = 122C79AF285017512BB37DB4 /* Pods_EventsApp.framework */; };
/* End PBXBuildFile section */

/* Begin PBXFileReference section */
		122C79AF285017512BB37DB4 /* Pods_EventsApp.framework */ = {isa = PBXFileReference; explicitFileType = wrapper.framework; includeInIndex = 0; path = Pods_EventsApp.framework; sourceTree = BUILT_PRODUCTS_DIR; };
		4419E4681CF1DC8100FFCE0D /* GoogleService-Info.plist */ = {isa = PBXFileReference; fileEncoding = 4; lastKnownFileType = text.plist.xml; path = "GoogleService-Info.plist"; sourceTree = "<group>"; };
		4419E46A1CF1E2CC00FFCE0D /* EALoginViewController.swift */ = {isa = PBXFileReference; fileEncoding = 4; lastKnownFileType = sourcecode.swift; path = EALoginViewController.swift; sourceTree = "<group>"; };
		4419E46C1CF26C8000FFCE0D /* EAHomeTabBarController.swift */ = {isa = PBXFileReference; fileEncoding = 4; lastKnownFileType = sourcecode.swift; path = EAHomeTabBarController.swift; sourceTree = "<group>"; };
		44323FA91CE9EF730049F7FC /* EventsApp.app */ = {isa = PBXFileReference; explicitFileType = wrapper.application; includeInIndex = 0; path = EventsApp.app; sourceTree = BUILT_PRODUCTS_DIR; };
		44323FAC1CE9EF730049F7FC /* AppDelegate.swift */ = {isa = PBXFileReference; lastKnownFileType = sourcecode.swift; path = AppDelegate.swift; sourceTree = "<group>"; };
		44323FB11CE9EF730049F7FC /* Base */ = {isa = PBXFileReference; lastKnownFileType = file.storyboard; name = Base; path = Base.lproj/EAMain.storyboard; sourceTree = "<group>"; };
		44323FB31CE9EF730049F7FC /* Assets.xcassets */ = {isa = PBXFileReference; lastKnownFileType = folder.assetcatalog; path = Assets.xcassets; sourceTree = "<group>"; };
		44323FB61CE9EF730049F7FC /* Base */ = {isa = PBXFileReference; lastKnownFileType = file.storyboard; name = Base; path = Base.lproj/LaunchScreen.storyboard; sourceTree = "<group>"; };
		44323FB81CE9EF730049F7FC /* Info.plist */ = {isa = PBXFileReference; lastKnownFileType = text.plist.xml; path = Info.plist; sourceTree = "<group>"; };
		445208171CEFCAA400CC231B /* SWRevealViewController.h */ = {isa = PBXFileReference; fileEncoding = 4; lastKnownFileType = sourcecode.c.h; path = SWRevealViewController.h; sourceTree = "<group>"; };
		445208181CEFCAA400CC231B /* SWRevealViewController.m */ = {isa = PBXFileReference; fileEncoding = 4; lastKnownFileType = sourcecode.c.objc; path = SWRevealViewController.m; sourceTree = "<group>"; };
		4452081A1CEFCAB100CC231B /* EventsApp-Bridging-Header.h */ = {isa = PBXFileReference; lastKnownFileType = sourcecode.c.h; path = "EventsApp-Bridging-Header.h"; sourceTree = "<group>"; };
		4490597D1D5BD2A00095A52A /* EAImageTabBarController.swift */ = {isa = PBXFileReference; fileEncoding = 4; lastKnownFileType = sourcecode.swift; path = EAImageTabBarController.swift; sourceTree = "<group>"; };
		44BAB9161CF362D100B1D18D /* EARootViewController.swift */ = {isa = PBXFileReference; fileEncoding = 4; lastKnownFileType = sourcecode.swift; path = EARootViewController.swift; sourceTree = "<group>"; };
		44BAB9181CF8E69500B1D18D /* EACreateEventViewController.swift */ = {isa = PBXFileReference; fileEncoding = 4; lastKnownFileType = sourcecode.swift; path = EACreateEventViewController.swift; sourceTree = "<group>"; };
		44CC1C2F1D45311D007AFB89 /* Base */ = {isa = PBXFileReference; lastKnownFileType = file.storyboard; name = Base; path = Base.lproj/EAViewEvents.storyboard; sourceTree = "<group>"; };
		44CC1C311D4533D0007AFB89 /* EAViewEventTableViewCell.xib */ = {isa = PBXFileReference; fileEncoding = 4; lastKnownFileType = file.xib; path = EAViewEventTableViewCell.xib; sourceTree = "<group>"; };
		44CC1C331D45340F007AFB89 /* EAViewEventTableViewCell.swift */ = {isa = PBXFileReference; fileEncoding = 4; lastKnownFileType = sourcecode.swift; path = EAViewEventTableViewCell.swift; sourceTree = "<group>"; };
		44CC1C351D454925007AFB89 /* EAViewEventsViewController.swift */ = {isa = PBXFileReference; fileEncoding = 4; lastKnownFileType = sourcecode.swift; path = EAViewEventsViewController.swift; sourceTree = "<group>"; };
		44F753511D5295370034BCC0 /* EAHomeTableViewCell.xib */ = {isa = PBXFileReference; fileEncoding = 4; lastKnownFileType = file.xib; path = EAHomeTableViewCell.xib; sourceTree = "<group>"; };
		44F753531D52971F0034BCC0 /* EAHomeTableViewCell.swift */ = {isa = PBXFileReference; fileEncoding = 4; lastKnownFileType = sourcecode.swift; path = EAHomeTableViewCell.swift; sourceTree = "<group>"; };
		50CB0735F08D28AAA653068E /* Pods-EventsApp.debug.xcconfig */ = {isa = PBXFileReference; includeInIndex = 1; lastKnownFileType = text.xcconfig; name = "Pods-EventsApp.debug.xcconfig"; path = "Pods/Target Support Files/Pods-EventsApp/Pods-EventsApp.debug.xcconfig"; sourceTree = "<group>"; };
		53160D901D3801DE0095906E /* EAEvent.swift */ = {isa = PBXFileReference; fileEncoding = 4; lastKnownFileType = sourcecode.swift; path = EAEvent.swift; sourceTree = "<group>"; };
		537076521D5A43F600D139AA /* EAEventUpdateDelegate.swift */ = {isa = PBXFileReference; fileEncoding = 4; lastKnownFileType = sourcecode.swift; path = EAEventUpdateDelegate.swift; sourceTree = "<group>"; };
		537F47791D53BA0C00F9A664 /* jake.jpg */ = {isa = PBXFileReference; lastKnownFileType = image.jpeg; path = jake.jpg; sourceTree = "<group>"; };
		538183051D773EC200393344 /* EAGalleryViewController.swift */ = {isa = PBXFileReference; fileEncoding = 4; lastKnownFileType = sourcecode.swift; path = EAGalleryViewController.swift; sourceTree = "<group>"; };
		538D48171D41372700957BF0 /* EAGlobalConstants.swift */ = {isa = PBXFileReference; fileEncoding = 4; lastKnownFileType = sourcecode.swift; path = EAGlobalConstants.swift; sourceTree = "<group>"; };
		538D48191D4155BF00957BF0 /* EAGoogleAPIManager.swift */ = {isa = PBXFileReference; fileEncoding = 4; lastKnownFileType = sourcecode.swift; path = EAGoogleAPIManager.swift; sourceTree = "<group>"; };
		53F47AB81CF75817005F0DE9 /* EAMenuTableViewController.swift */ = {isa = PBXFileReference; fileEncoding = 4; lastKnownFileType = sourcecode.swift; path = EAMenuTableViewController.swift; sourceTree = "<group>"; };
		53F47ABA1CF76486005F0DE9 /* EAHomeViewController.swift */ = {isa = PBXFileReference; fileEncoding = 4; lastKnownFileType = sourcecode.swift; name = EAHomeViewController.swift; path = ../EAHomeViewController.swift; sourceTree = "<group>"; };
		75CBB103CAD3158E12E5E0B9 /* Pods-EventsApp.release.xcconfig */ = {isa = PBXFileReference; includeInIndex = 1; lastKnownFileType = text.xcconfig; name = "Pods-EventsApp.release.xcconfig"; path = "Pods/Target Support Files/Pods-EventsApp/Pods-EventsApp.release.xcconfig"; sourceTree = "<group>"; };
/* End PBXFileReference section */

/* Begin PBXFrameworksBuildPhase section */
		44323FA61CE9EF730049F7FC /* Frameworks */ = {
			isa = PBXFrameworksBuildPhase;
			buildActionMask = 2147483647;
			files = (
				D9717FB16FBE9EC3119AA508 /* Pods_EventsApp.framework in Frameworks */,
			);
			runOnlyForDeploymentPostprocessing = 0;
		};
/* End PBXFrameworksBuildPhase section */

/* Begin PBXGroup section */
		44323FA01CE9EF730049F7FC = {
			isa = PBXGroup;
			children = (
				44323FAB1CE9EF730049F7FC /* EventsApp */,
				44323FAA1CE9EF730049F7FC /* Products */,
				EAC59CD89DEB25F913F13FA3 /* Pods */,
				C0CA44F382F6C013448389CB /* Frameworks */,
			);
			sourceTree = "<group>";
		};
		44323FAA1CE9EF730049F7FC /* Products */ = {
			isa = PBXGroup;
			children = (
				44323FA91CE9EF730049F7FC /* EventsApp.app */,
			);
			name = Products;
			sourceTree = "<group>";
		};
		44323FAB1CE9EF730049F7FC /* EventsApp */ = {
			isa = PBXGroup;
			children = (
				53F47ABA1CF76486005F0DE9 /* EAHomeViewController.swift */,
				538D48171D41372700957BF0 /* EAGlobalConstants.swift */,
				44323FAC1CE9EF730049F7FC /* AppDelegate.swift */,
				4419E4681CF1DC8100FFCE0D /* GoogleService-Info.plist */,
				4419E46A1CF1E2CC00FFCE0D /* EALoginViewController.swift */,
				44323FB01CE9EF730049F7FC /* EAMain.storyboard */,
				44CC1C2E1D45311D007AFB89 /* EAViewEvents.storyboard */,
				44CC1C351D454925007AFB89 /* EAViewEventsViewController.swift */,
				44CC1C311D4533D0007AFB89 /* EAViewEventTableViewCell.xib */,
				44F753511D5295370034BCC0 /* EAHomeTableViewCell.xib */,
				44CC1C331D45340F007AFB89 /* EAViewEventTableViewCell.swift */,
				44F753531D52971F0034BCC0 /* EAHomeTableViewCell.swift */,
				44BAB9181CF8E69500B1D18D /* EACreateEventViewController.swift */,
				53F47AB81CF75817005F0DE9 /* EAMenuTableViewController.swift */,
				44BAB9161CF362D100B1D18D /* EARootViewController.swift */,
				4419E46C1CF26C8000FFCE0D /* EAHomeTabBarController.swift */,
				537F47791D53BA0C00F9A664 /* jake.jpg */,
				44323FB31CE9EF730049F7FC /* Assets.xcassets */,
				44323FB51CE9EF730049F7FC /* LaunchScreen.storyboard */,
				4452081B1CEFCADB00CC231B /* SupportingFiles */,
				44323FB81CE9EF730049F7FC /* Info.plist */,
				53160D901D3801DE0095906E /* EAEvent.swift */,
				538D48191D4155BF00957BF0 /* EAGoogleAPIManager.swift */,
				537076521D5A43F600D139AA /* EAEventUpdateDelegate.swift */,
				4490597D1D5BD2A00095A52A /* EAImageTabBarController.swift */,
				538183051D773EC200393344 /* EAGalleryViewController.swift */,
			);
			path = EventsApp;
			sourceTree = "<group>";
		};
		4452081B1CEFCADB00CC231B /* SupportingFiles */ = {
			isa = PBXGroup;
			children = (
				4452081A1CEFCAB100CC231B /* EventsApp-Bridging-Header.h */,
				445208171CEFCAA400CC231B /* SWRevealViewController.h */,
				445208181CEFCAA400CC231B /* SWRevealViewController.m */,
			);
			name = SupportingFiles;
			sourceTree = "<group>";
		};
		C0CA44F382F6C013448389CB /* Frameworks */ = {
			isa = PBXGroup;
			children = (
				122C79AF285017512BB37DB4 /* Pods_EventsApp.framework */,
			);
			name = Frameworks;
			sourceTree = "<group>";
		};
		EAC59CD89DEB25F913F13FA3 /* Pods */ = {
			isa = PBXGroup;
			children = (
				50CB0735F08D28AAA653068E /* Pods-EventsApp.debug.xcconfig */,
				75CBB103CAD3158E12E5E0B9 /* Pods-EventsApp.release.xcconfig */,
			);
			name = Pods;
			sourceTree = "<group>";
		};
/* End PBXGroup section */

/* Begin PBXNativeTarget section */
		44323FA81CE9EF730049F7FC /* EventsApp */ = {
			isa = PBXNativeTarget;
			buildConfigurationList = 44323FBB1CE9EF730049F7FC /* Build configuration list for PBXNativeTarget "EventsApp" */;
			buildPhases = (
				CBFE6139C749B7DB75BE39EE /* [CP] Check Pods Manifest.lock */,
				44323FA51CE9EF730049F7FC /* Sources */,
				44323FA61CE9EF730049F7FC /* Frameworks */,
				44323FA71CE9EF730049F7FC /* Resources */,
				F3967CC7C1B707FB6ACFE9DD /* [CP] Embed Pods Frameworks */,
				5AF31D59CE4E7348F74BB186 /* [CP] Copy Pods Resources */,
			);
			buildRules = (
			);
			dependencies = (
			);
			name = EventsApp;
			productName = EventsApp;
			productReference = 44323FA91CE9EF730049F7FC /* EventsApp.app */;
			productType = "com.apple.product-type.application";
		};
/* End PBXNativeTarget section */

/* Begin PBXProject section */
		44323FA11CE9EF730049F7FC /* Project object */ = {
			isa = PBXProject;
			attributes = {
				LastSwiftUpdateCheck = 0730;
				LastUpgradeCheck = 0730;
				ORGANIZATIONNAME = KC;
				TargetAttributes = {
					44323FA81CE9EF730049F7FC = {
						CreatedOnToolsVersion = 7.3.1;
						DevelopmentTeam = C68AKAULXV;
						LastSwiftMigration = 0820;
					};
				};
			};
			buildConfigurationList = 44323FA41CE9EF730049F7FC /* Build configuration list for PBXProject "EventsApp" */;
			compatibilityVersion = "Xcode 3.2";
			developmentRegion = English;
			hasScannedForEncodings = 0;
			knownRegions = (
				en,
				Base,
			);
			mainGroup = 44323FA01CE9EF730049F7FC;
			productRefGroup = 44323FAA1CE9EF730049F7FC /* Products */;
			projectDirPath = "";
			projectRoot = "";
			targets = (
				44323FA81CE9EF730049F7FC /* EventsApp */,
			);
		};
/* End PBXProject section */

/* Begin PBXResourcesBuildPhase section */
		44323FA71CE9EF730049F7FC /* Resources */ = {
			isa = PBXResourcesBuildPhase;
			buildActionMask = 2147483647;
			files = (
				44323FB71CE9EF730049F7FC /* LaunchScreen.storyboard in Resources */,
				4419E4691CF1DC8100FFCE0D /* GoogleService-Info.plist in Resources */,
				537F477A1D53BA0C00F9A664 /* jake.jpg in Resources */,
				44CC1C321D4533D0007AFB89 /* EAViewEventTableViewCell.xib in Resources */,
				44323FB41CE9EF730049F7FC /* Assets.xcassets in Resources */,
				44CC1C301D45311D007AFB89 /* EAViewEvents.storyboard in Resources */,
				44323FB21CE9EF730049F7FC /* EAMain.storyboard in Resources */,
				44F753521D5295370034BCC0 /* EAHomeTableViewCell.xib in Resources */,
			);
			runOnlyForDeploymentPostprocessing = 0;
		};
/* End PBXResourcesBuildPhase section */

/* Begin PBXShellScriptBuildPhase section */
		5AF31D59CE4E7348F74BB186 /* [CP] Copy Pods Resources */ = {
			isa = PBXShellScriptBuildPhase;
			buildActionMask = 2147483647;
			files = (
			);
			inputPaths = (
			);
			name = "[CP] Copy Pods Resources";
			outputPaths = (
			);
			runOnlyForDeploymentPostprocessing = 0;
			shellPath = /bin/sh;
			shellScript = "\"${SRCROOT}/Pods/Target Support Files/Pods-EventsApp/Pods-EventsApp-resources.sh\"\n";
			showEnvVarsInLog = 0;
		};
		CBFE6139C749B7DB75BE39EE /* [CP] Check Pods Manifest.lock */ = {
			isa = PBXShellScriptBuildPhase;
			buildActionMask = 2147483647;
			files = (
			);
			inputPaths = (
			);
			name = "[CP] Check Pods Manifest.lock";
			outputPaths = (
			);
			runOnlyForDeploymentPostprocessing = 0;
			shellPath = /bin/sh;
			shellScript = "diff \"${PODS_ROOT}/../Podfile.lock\" \"${PODS_ROOT}/Manifest.lock\" > /dev/null\nif [ $? != 0 ] ; then\n    # print error to STDERR\n    echo \"error: The sandbox is not in sync with the Podfile.lock. Run 'pod install' or update your CocoaPods installation.\" >&2\n    exit 1\nfi\n";
			showEnvVarsInLog = 0;
		};
		F3967CC7C1B707FB6ACFE9DD /* [CP] Embed Pods Frameworks */ = {
			isa = PBXShellScriptBuildPhase;
			buildActionMask = 2147483647;
			files = (
			);
			inputPaths = (
			);
			name = "[CP] Embed Pods Frameworks";
			outputPaths = (
			);
			runOnlyForDeploymentPostprocessing = 0;
			shellPath = /bin/sh;
			shellScript = "\"${SRCROOT}/Pods/Target Support Files/Pods-EventsApp/Pods-EventsApp-frameworks.sh\"\n";
			showEnvVarsInLog = 0;
		};
/* End PBXShellScriptBuildPhase section */

/* Begin PBXSourcesBuildPhase section */
		44323FA51CE9EF730049F7FC /* Sources */ = {
			isa = PBXSourcesBuildPhase;
			buildActionMask = 2147483647;
			files = (
				44F753541D52971F0034BCC0 /* EAHomeTableViewCell.swift in Sources */,
				4490597E1D5BD2A00095A52A /* EAImageTabBarController.swift in Sources */,
				4419E46B1CF1E2CC00FFCE0D /* EALoginViewController.swift in Sources */,
				53160D911D3801DE0095906E /* EAEvent.swift in Sources */,
				538D48181D41372700957BF0 /* EAGlobalConstants.swift in Sources */,
				44CC1C341D45340F007AFB89 /* EAViewEventTableViewCell.swift in Sources */,
				4419E46D1CF26C8000FFCE0D /* EAHomeTabBarController.swift in Sources */,
				53F47AB91CF75817005F0DE9 /* EAMenuTableViewController.swift in Sources */,
				538183061D773EC200393344 /* EAGalleryViewController.swift in Sources */,
				44BAB9171CF362D100B1D18D /* EARootViewController.swift in Sources */,
				44323FAD1CE9EF730049F7FC /* AppDelegate.swift in Sources */,
				538D481A1D4155BF00957BF0 /* EAGoogleAPIManager.swift in Sources */,
				44BAB9191CF8E69500B1D18D /* EACreateEventViewController.swift in Sources */,
				44CC1C361D454925007AFB89 /* EAViewEventsViewController.swift in Sources */,
				53F47ABB1CF76486005F0DE9 /* EAHomeViewController.swift in Sources */,
				445208191CEFCAA400CC231B /* SWRevealViewController.m in Sources */,
				537076531D5A43F600D139AA /* EAEventUpdateDelegate.swift in Sources */,
			);
			runOnlyForDeploymentPostprocessing = 0;
		};
/* End PBXSourcesBuildPhase section */

/* Begin PBXVariantGroup section */
		44323FB01CE9EF730049F7FC /* EAMain.storyboard */ = {
			isa = PBXVariantGroup;
			children = (
				44323FB11CE9EF730049F7FC /* Base */,
			);
			name = EAMain.storyboard;
			sourceTree = "<group>";
		};
		44323FB51CE9EF730049F7FC /* LaunchScreen.storyboard */ = {
			isa = PBXVariantGroup;
			children = (
				44323FB61CE9EF730049F7FC /* Base */,
			);
			name = LaunchScreen.storyboard;
			sourceTree = "<group>";
		};
		44CC1C2E1D45311D007AFB89 /* EAViewEvents.storyboard */ = {
			isa = PBXVariantGroup;
			children = (
				44CC1C2F1D45311D007AFB89 /* Base */,
			);
			name = EAViewEvents.storyboard;
			sourceTree = "<group>";
		};
/* End PBXVariantGroup section */

/* Begin XCBuildConfiguration section */
		44323FB91CE9EF730049F7FC /* Debug */ = {
			isa = XCBuildConfiguration;
			buildSettings = {
				ALWAYS_SEARCH_USER_PATHS = NO;
				CLANG_ANALYZER_NONNULL = YES;
				CLANG_CXX_LANGUAGE_STANDARD = "gnu++0x";
				CLANG_CXX_LIBRARY = "libc++";
				CLANG_ENABLE_MODULES = YES;
				CLANG_ENABLE_OBJC_ARC = YES;
				CLANG_WARN_BOOL_CONVERSION = YES;
				CLANG_WARN_CONSTANT_CONVERSION = YES;
				CLANG_WARN_DIRECT_OBJC_ISA_USAGE = YES_ERROR;
				CLANG_WARN_EMPTY_BODY = YES;
				CLANG_WARN_ENUM_CONVERSION = YES;
				CLANG_WARN_INT_CONVERSION = YES;
				CLANG_WARN_OBJC_ROOT_CLASS = YES_ERROR;
				CLANG_WARN_UNREACHABLE_CODE = YES;
				CLANG_WARN__DUPLICATE_METHOD_MATCH = YES;
				"CODE_SIGN_IDENTITY[sdk=iphoneos*]" = "iPhone Developer";
				COPY_PHASE_STRIP = NO;
				DEBUG_INFORMATION_FORMAT = dwarf;
				ENABLE_STRICT_OBJC_MSGSEND = YES;
				ENABLE_TESTABILITY = YES;
				GCC_C_LANGUAGE_STANDARD = gnu99;
				GCC_DYNAMIC_NO_PIC = NO;
				GCC_NO_COMMON_BLOCKS = YES;
				GCC_OPTIMIZATION_LEVEL = 0;
				GCC_PREPROCESSOR_DEFINITIONS = (
					"DEBUG=1",
					"$(inherited)",
				);
				GCC_WARN_64_TO_32_BIT_CONVERSION = YES;
				GCC_WARN_ABOUT_RETURN_TYPE = YES_ERROR;
				GCC_WARN_UNDECLARED_SELECTOR = YES;
				GCC_WARN_UNINITIALIZED_AUTOS = YES_AGGRESSIVE;
				GCC_WARN_UNUSED_FUNCTION = YES;
				GCC_WARN_UNUSED_VARIABLE = YES;
				IPHONEOS_DEPLOYMENT_TARGET = 9.3;
				MTL_ENABLE_DEBUG_INFO = YES;
				ONLY_ACTIVE_ARCH = YES;
				SDKROOT = iphoneos;
				SWIFT_OPTIMIZATION_LEVEL = "-Onone";
				TARGETED_DEVICE_FAMILY = "1,2";
			};
			name = Debug;
		};
		44323FBA1CE9EF730049F7FC /* Release */ = {
			isa = XCBuildConfiguration;
			buildSettings = {
				ALWAYS_SEARCH_USER_PATHS = NO;
				CLANG_ANALYZER_NONNULL = YES;
				CLANG_CXX_LANGUAGE_STANDARD = "gnu++0x";
				CLANG_CXX_LIBRARY = "libc++";
				CLANG_ENABLE_MODULES = YES;
				CLANG_ENABLE_OBJC_ARC = YES;
				CLANG_WARN_BOOL_CONVERSION = YES;
				CLANG_WARN_CONSTANT_CONVERSION = YES;
				CLANG_WARN_DIRECT_OBJC_ISA_USAGE = YES_ERROR;
				CLANG_WARN_EMPTY_BODY = YES;
				CLANG_WARN_ENUM_CONVERSION = YES;
				CLANG_WARN_INT_CONVERSION = YES;
				CLANG_WARN_OBJC_ROOT_CLASS = YES_ERROR;
				CLANG_WARN_UNREACHABLE_CODE = YES;
				CLANG_WARN__DUPLICATE_METHOD_MATCH = YES;
				"CODE_SIGN_IDENTITY[sdk=iphoneos*]" = "iPhone Developer";
				COPY_PHASE_STRIP = NO;
				DEBUG_INFORMATION_FORMAT = "dwarf-with-dsym";
				ENABLE_NS_ASSERTIONS = NO;
				ENABLE_STRICT_OBJC_MSGSEND = YES;
				GCC_C_LANGUAGE_STANDARD = gnu99;
				GCC_NO_COMMON_BLOCKS = YES;
				GCC_WARN_64_TO_32_BIT_CONVERSION = YES;
				GCC_WARN_ABOUT_RETURN_TYPE = YES_ERROR;
				GCC_WARN_UNDECLARED_SELECTOR = YES;
				GCC_WARN_UNINITIALIZED_AUTOS = YES_AGGRESSIVE;
				GCC_WARN_UNUSED_FUNCTION = YES;
				GCC_WARN_UNUSED_VARIABLE = YES;
				IPHONEOS_DEPLOYMENT_TARGET = 9.3;
				MTL_ENABLE_DEBUG_INFO = NO;
				SDKROOT = iphoneos;
				TARGETED_DEVICE_FAMILY = "1,2";
				VALIDATE_PRODUCT = YES;
			};
			name = Release;
		};
		44323FBC1CE9EF730049F7FC /* Debug */ = {
			isa = XCBuildConfiguration;
			baseConfigurationReference = 50CB0735F08D28AAA653068E /* Pods-EventsApp.debug.xcconfig */;
			buildSettings = {
				ASSETCATALOG_COMPILER_APPICON_NAME = AppIcon;
				CLANG_ENABLE_MODULES = YES;
				CODE_SIGN_IDENTITY = "iPhone Developer";
				"CODE_SIGN_IDENTITY[sdk=iphoneos*]" = "iPhone Developer";
				INFOPLIST_FILE = EventsApp/Info.plist;
				LD_RUNPATH_SEARCH_PATHS = "$(inherited) @executable_path/Frameworks";
				PRODUCT_BUNDLE_IDENTIFIER = com.keithcaffrey.eventapp;
				PRODUCT_NAME = "$(TARGET_NAME)";
				PROVISIONING_PROFILE = "";
				SWIFT_OBJC_BRIDGING_HEADER = "EventsApp/EventsApp-Bridging-Header.h";
				SWIFT_OPTIMIZATION_LEVEL = "-Onone";
				SWIFT_VERSION = 3.0;
			};
			name = Debug;
		};
		44323FBD1CE9EF730049F7FC /* Release */ = {
			isa = XCBuildConfiguration;
			baseConfigurationReference = 75CBB103CAD3158E12E5E0B9 /* Pods-EventsApp.release.xcconfig */;
			buildSettings = {
				ASSETCATALOG_COMPILER_APPICON_NAME = AppIcon;
				CLANG_ENABLE_MODULES = YES;
				CODE_SIGN_IDENTITY = "iPhone Developer";
				"CODE_SIGN_IDENTITY[sdk=iphoneos*]" = "iPhone Developer";
				INFOPLIST_FILE = EventsApp/Info.plist;
				LD_RUNPATH_SEARCH_PATHS = "$(inherited) @executable_path/Frameworks";
				PRODUCT_BUNDLE_IDENTIFIER = com.keithcaffrey.eventapp;
				PRODUCT_NAME = "$(TARGET_NAME)";
				PROVISIONING_PROFILE = "";
				SWIFT_OBJC_BRIDGING_HEADER = "EventsApp/EventsApp-Bridging-Header.h";
				SWIFT_VERSION = 3.0;
			};
			name = Release;
		};
/* End XCBuildConfiguration section */

/* Begin XCConfigurationList section */
		44323FA41CE9EF730049F7FC /* Build configuration list for PBXProject "EventsApp" */ = {
			isa = XCConfigurationList;
			buildConfigurations = (
				44323FB91CE9EF730049F7FC /* Debug */,
				44323FBA1CE9EF730049F7FC /* Release */,
			);
			defaultConfigurationIsVisible = 0;
			defaultConfigurationName = Release;
		};
		44323FBB1CE9EF730049F7FC /* Build configuration list for PBXNativeTarget "EventsApp" */ = {
			isa = XCConfigurationList;
			buildConfigurations = (
				44323FBC1CE9EF730049F7FC /* Debug */,
				44323FBD1CE9EF730049F7FC /* Release */,
			);
			defaultConfigurationIsVisible = 0;
			defaultConfigurationName = Release;
		};
/* End XCConfigurationList section */
	};
	rootObject = 44323FA11CE9EF730049F7FC /* Project object */;
}
